
Microsoft Visual Studio Solution File, Format Version 12.00
# Visual Studio Version 17
VisualStudioVersion = 17.8.34330.188
MinimumVisualStudioVersion = 10.0.40219.1
Project("{9A19103F-16F7-4668-BE54-9A1E7A4F7556}") = "MercadoriasApp.Services", "MercadoriasApp.Services\MercadoriasApp.Services.csproj", "{F470DF3D-A348-4297-99C5-B38D69627FF4}"
EndProject
Project("{2150E333-8FDC-42A3-9474-1A3956D46DE8}") = "1 - API", "1 - API", "{6F38CA32-A588-484D-A78A-1A4C59AAA654}"
EndProject
Project("{2150E333-8FDC-42A3-9474-1A3956D46DE8}") = "2 - DATA", "2 - DATA", "{84512807-451B-45B2-9189-12A6D3DD3173}"
EndProject
Project("{FAE04EC0-301F-11D3-BF4B-00C04F79EFBC}") = "MercadoriaApp.Data", "MercadoriaApp.Data\MercadoriaApp.Data.csproj", "{0EDAE8D6-178B-4E3A-9CAC-5D9B86F517DD}"
EndProject
Global
	GlobalSection(SolutionConfigurationPlatforms) = preSolution
		Debug|Any CPU = Debug|Any CPU
		Release|Any CPU = Release|Any CPU
	EndGlobalSection
	GlobalSection(ProjectConfigurationPlatforms) = postSolution
		{F470DF3D-A348-4297-99C5-B38D69627FF4}.Debug|Any CPU.ActiveCfg = Debug|Any CPU
		{F470DF3D-A348-4297-99C5-B38D69627FF4}.Debug|Any CPU.Build.0 = Debug|Any CPU
		{F470DF3D-A348-4297-99C5-B38D69627FF4}.Release|Any CPU.ActiveCfg = Release|Any CPU
		{F470DF3D-A348-4297-99C5-B38D69627FF4}.Release|Any CPU.Build.0 = Release|Any CPU
		{0EDAE8D6-178B-4E3A-9CAC-5D9B86F517DD}.Debug|Any CPU.ActiveCfg = Debug|Any CPU
		{0EDAE8D6-178B-4E3A-9CAC-5D9B86F517DD}.Debug|Any CPU.Build.0 = Debug|Any CPU
		{0EDAE8D6-178B-4E3A-9CAC-5D9B86F517DD}.Release|Any CPU.ActiveCfg = Release|Any CPU
		{0EDAE8D6-178B-4E3A-9CAC-5D9B86F517DD}.Release|Any CPU.Build.0 = Release|Any CPU
	EndGlobalSection
	GlobalSection(SolutionProperties) = preSolution
		HideSolutionNode = FALSE
	EndGlobalSection
	GlobalSection(NestedProjects) = preSolution
		{F470DF3D-A348-4297-99C5-B38D69627FF4} = {6F38CA32-A588-484D-A78A-1A4C59AAA654}
		{0EDAE8D6-178B-4E3A-9CAC-5D9B86F517DD} = {84512807-451B-45B2-9189-12A6D3DD3173}
	EndGlobalSection
	GlobalSection(ExtensibilityGlobals) = postSolution
		SolutionGuid = {C74AEAB3-3F0D-468C-BF87-2021EA8FF127}
	EndGlobalSection
EndGlobal
